
Microsoft Visual Studio Solution File, Format Version 12.00
# Visual Studio 15
VisualStudioVersion = 15.0.27703.2026
MinimumVisualStudioVersion = 10.0.40219.1
Project("{FAE04EC0-301F-11D3-BF4B-00C04F79EFBC}") = "GggDataflowBlock", "GggDataflowBlock\GggDataflowBlock.csproj", "{5C1A4907-9936-4B67-B822-35C347CCA3F8}"
EndProject
Project("{FAE04EC0-301F-11D3-BF4B-00C04F79EFBC}") = "GggDataflowBlockConsole", "GggDataflowBlockConsole\GggDataflowBlockConsole.csproj", "{DF6FF9C5-4951-4447-81DA-0143BC51154F}"
EndProject
Global
	GlobalSection(SolutionConfigurationPlatforms) = preSolution
		Debug|Any CPU = Debug|Any CPU
		Release|Any CPU = Release|Any CPU
	EndGlobalSection
	GlobalSection(ProjectConfigurationPlatforms) = postSolution
		{5C1A4907-9936-4B67-B822-35C347CCA3F8}.Debug|Any CPU.ActiveCfg = Debug|Any CPU
		{5C1A4907-9936-4B67-B822-35C347CCA3F8}.Debug|Any CPU.Build.0 = Debug|Any CPU
		{5C1A4907-9936-4B67-B822-35C347CCA3F8}.Release|Any CPU.ActiveCfg = Release|Any CPU
		{5C1A4907-9936-4B67-B822-35C347CCA3F8}.Release|Any CPU.Build.0 = Release|Any CPU
		{DF6FF9C5-4951-4447-81DA-0143BC51154F}.Debug|Any CPU.ActiveCfg = Debug|Any CPU
		{DF6FF9C5-4951-4447-81DA-0143BC51154F}.Debug|Any CPU.Build.0 = Debug|Any CPU
		{DF6FF9C5-4951-4447-81DA-0143BC51154F}.Release|Any CPU.ActiveCfg = Release|Any CPU
		{DF6FF9C5-4951-4447-81DA-0143BC51154F}.Release|Any CPU.Build.0 = Release|Any CPU
	EndGlobalSection
	GlobalSection(SolutionProperties) = preSolution
		HideSolutionNode = FALSE
	EndGlobalSection
	GlobalSection(ExtensibilityGlobals) = postSolution
		SolutionGuid = {C70D3D14-096E-49CA-854D-83E4D261F829}
	EndGlobalSection
EndGlobal
