
Microsoft Visual Studio Solution File, Format Version 12.00
# Visual Studio 15
VisualStudioVersion = 15.0.28307.489
MinimumVisualStudioVersion = 10.0.40219.1
Project("{FAE04EC0-301F-11D3-BF4B-00C04F79EFBC}") = "intro", "intro\intro.csproj", "{0303CC64-2D58-49CA-B668-2C60CF6F3596}"
EndProject
Global
	GlobalSection(SolutionConfigurationPlatforms) = preSolution
		Debug|Any CPU = Debug|Any CPU
		Release|Any CPU = Release|Any CPU
	EndGlobalSection
	GlobalSection(ProjectConfigurationPlatforms) = postSolution
		{0303CC64-2D58-49CA-B668-2C60CF6F3596}.Debug|Any CPU.ActiveCfg = Debug|Any CPU
		{0303CC64-2D58-49CA-B668-2C60CF6F3596}.Debug|Any CPU.Build.0 = Debug|Any CPU
		{0303CC64-2D58-49CA-B668-2C60CF6F3596}.Release|Any CPU.ActiveCfg = Release|Any CPU
		{0303CC64-2D58-49CA-B668-2C60CF6F3596}.Release|Any CPU.Build.0 = Release|Any CPU
	EndGlobalSection
	GlobalSection(SolutionProperties) = preSolution
		HideSolutionNode = FALSE
	EndGlobalSection
	GlobalSection(ExtensibilityGlobals) = postSolution
		SolutionGuid = {6C6B4D8E-1D19-413F-91BD-EA86A135C178}
	EndGlobalSection
EndGlobal
