
Microsoft Visual Studio Solution File, Format Version 12.00
# Visual Studio 15
VisualStudioVersion = 15.0.28307.489
MinimumVisualStudioVersion = 10.0.40219.1
Project("{FAE04EC0-301F-11D3-BF4B-00C04F79EFBC}") = "intro", "intro\intro.csproj", "{0E1E223B-26CF-4FB2-9AE6-7BBEDC9FD48E}"
EndProject
Global
	GlobalSection(SolutionConfigurationPlatforms) = preSolution
		Debug|Any CPU = Debug|Any CPU
		Release|Any CPU = Release|Any CPU
	EndGlobalSection
	GlobalSection(ProjectConfigurationPlatforms) = postSolution
		{0E1E223B-26CF-4FB2-9AE6-7BBEDC9FD48E}.Debug|Any CPU.ActiveCfg = Debug|Any CPU
		{0E1E223B-26CF-4FB2-9AE6-7BBEDC9FD48E}.Debug|Any CPU.Build.0 = Debug|Any CPU
		{0E1E223B-26CF-4FB2-9AE6-7BBEDC9FD48E}.Release|Any CPU.ActiveCfg = Release|Any CPU
		{0E1E223B-26CF-4FB2-9AE6-7BBEDC9FD48E}.Release|Any CPU.Build.0 = Release|Any CPU
	EndGlobalSection
	GlobalSection(SolutionProperties) = preSolution
		HideSolutionNode = FALSE
	EndGlobalSection
	GlobalSection(ExtensibilityGlobals) = postSolution
		SolutionGuid = {4604CC78-5B4D-419F-AE4D-CBCB88626C99}
	EndGlobalSection
EndGlobal
