
Microsoft Visual Studio Solution File, Format Version 12.00
# Visual Studio 15
VisualStudioVersion = 15.0.28307.271
MinimumVisualStudioVersion = 10.0.40219.1
Project("{FAE04EC0-301F-11D3-BF4B-00C04F79EFBC}") = "intro", "intro\intro.csproj", "{DAC855C7-1EC1-4A2D-8644-E18E27BE66F9}"
EndProject
Global
	GlobalSection(SolutionConfigurationPlatforms) = preSolution
		Debug|Any CPU = Debug|Any CPU
		Release|Any CPU = Release|Any CPU
	EndGlobalSection
	GlobalSection(ProjectConfigurationPlatforms) = postSolution
		{DAC855C7-1EC1-4A2D-8644-E18E27BE66F9}.Debug|Any CPU.ActiveCfg = Debug|Any CPU
		{DAC855C7-1EC1-4A2D-8644-E18E27BE66F9}.Debug|Any CPU.Build.0 = Debug|Any CPU
		{DAC855C7-1EC1-4A2D-8644-E18E27BE66F9}.Release|Any CPU.ActiveCfg = Release|Any CPU
		{DAC855C7-1EC1-4A2D-8644-E18E27BE66F9}.Release|Any CPU.Build.0 = Release|Any CPU
	EndGlobalSection
	GlobalSection(SolutionProperties) = preSolution
		HideSolutionNode = FALSE
	EndGlobalSection
	GlobalSection(ExtensibilityGlobals) = postSolution
		SolutionGuid = {EE61510E-9C9E-4443-9245-2324237834A1}
	EndGlobalSection
EndGlobal
