
Microsoft Visual Studio Solution File, Format Version 12.00
# Visual Studio 15
VisualStudioVersion = 15.0.28307.489
MinimumVisualStudioVersion = 10.0.40219.1
Project("{FAE04EC0-301F-11D3-BF4B-00C04F79EFBC}") = "intro", "intro\intro.csproj", "{62EDC17C-F9C7-47FB-9BB6-1158C81E2701}"
EndProject
Global
	GlobalSection(SolutionConfigurationPlatforms) = preSolution
		Debug|Any CPU = Debug|Any CPU
		Release|Any CPU = Release|Any CPU
	EndGlobalSection
	GlobalSection(ProjectConfigurationPlatforms) = postSolution
		{62EDC17C-F9C7-47FB-9BB6-1158C81E2701}.Debug|Any CPU.ActiveCfg = Debug|Any CPU
		{62EDC17C-F9C7-47FB-9BB6-1158C81E2701}.Debug|Any CPU.Build.0 = Debug|Any CPU
		{62EDC17C-F9C7-47FB-9BB6-1158C81E2701}.Release|Any CPU.ActiveCfg = Release|Any CPU
		{62EDC17C-F9C7-47FB-9BB6-1158C81E2701}.Release|Any CPU.Build.0 = Release|Any CPU
	EndGlobalSection
	GlobalSection(SolutionProperties) = preSolution
		HideSolutionNode = FALSE
	EndGlobalSection
	GlobalSection(ExtensibilityGlobals) = postSolution
		SolutionGuid = {28BA2A08-87E9-4AA3-8218-B40E15464EC1}
	EndGlobalSection
EndGlobal
