
Microsoft Visual Studio Solution File, Format Version 12.00
# Visual Studio 15
VisualStudioVersion = 15.0.28307.489
MinimumVisualStudioVersion = 10.0.40219.1
Project("{FAE04EC0-301F-11D3-BF4B-00C04F79EFBC}") = "intro1", "intro1.csproj", "{BE797A7E-822B-43C2-AB1E-AE049F6B03EB}"
EndProject
Global
	GlobalSection(SolutionConfigurationPlatforms) = preSolution
		Debug|Any CPU = Debug|Any CPU
		Release|Any CPU = Release|Any CPU
	EndGlobalSection
	GlobalSection(ProjectConfigurationPlatforms) = postSolution
		{BE797A7E-822B-43C2-AB1E-AE049F6B03EB}.Debug|Any CPU.ActiveCfg = Debug|Any CPU
		{BE797A7E-822B-43C2-AB1E-AE049F6B03EB}.Debug|Any CPU.Build.0 = Debug|Any CPU
		{BE797A7E-822B-43C2-AB1E-AE049F6B03EB}.Release|Any CPU.ActiveCfg = Release|Any CPU
		{BE797A7E-822B-43C2-AB1E-AE049F6B03EB}.Release|Any CPU.Build.0 = Release|Any CPU
	EndGlobalSection
	GlobalSection(SolutionProperties) = preSolution
		HideSolutionNode = FALSE
	EndGlobalSection
	GlobalSection(ExtensibilityGlobals) = postSolution
		SolutionGuid = {CA56AF03-96BE-42A7-9FD8-70494812EADB}
	EndGlobalSection
EndGlobal
