
Microsoft Visual Studio Solution File, Format Version 12.00
# Visual Studio 15
VisualStudioVersion = 15.0.28307.271
MinimumVisualStudioVersion = 10.0.40219.1
Project("{FAE04EC0-301F-11D3-BF4B-00C04F79EFBC}") = "intro", "intro\intro.csproj", "{875E0609-22D0-4FC7-B329-BCE8223F0272}"
EndProject
Global
	GlobalSection(SolutionConfigurationPlatforms) = preSolution
		Debug|Any CPU = Debug|Any CPU
		Release|Any CPU = Release|Any CPU
	EndGlobalSection
	GlobalSection(ProjectConfigurationPlatforms) = postSolution
		{875E0609-22D0-4FC7-B329-BCE8223F0272}.Debug|Any CPU.ActiveCfg = Debug|Any CPU
		{875E0609-22D0-4FC7-B329-BCE8223F0272}.Debug|Any CPU.Build.0 = Debug|Any CPU
		{875E0609-22D0-4FC7-B329-BCE8223F0272}.Release|Any CPU.ActiveCfg = Release|Any CPU
		{875E0609-22D0-4FC7-B329-BCE8223F0272}.Release|Any CPU.Build.0 = Release|Any CPU
	EndGlobalSection
	GlobalSection(SolutionProperties) = preSolution
		HideSolutionNode = FALSE
	EndGlobalSection
	GlobalSection(ExtensibilityGlobals) = postSolution
		SolutionGuid = {90D5B776-7C84-4C65-92A6-FBD60EAB4DBA}
	EndGlobalSection
EndGlobal
