
Microsoft Visual Studio Solution File, Format Version 12.00
# Visual Studio 15
VisualStudioVersion = 15.0.28307.271
MinimumVisualStudioVersion = 10.0.40219.1
Project("{FAE04EC0-301F-11D3-BF4B-00C04F79EFBC}") = "intro", "intro\intro.csproj", "{F98410B9-CCC0-49E3-A42C-720C99D7590C}"
EndProject
Global
	GlobalSection(SolutionConfigurationPlatforms) = preSolution
		Debug|Any CPU = Debug|Any CPU
		Release|Any CPU = Release|Any CPU
	EndGlobalSection
	GlobalSection(ProjectConfigurationPlatforms) = postSolution
		{F98410B9-CCC0-49E3-A42C-720C99D7590C}.Debug|Any CPU.ActiveCfg = Debug|Any CPU
		{F98410B9-CCC0-49E3-A42C-720C99D7590C}.Debug|Any CPU.Build.0 = Debug|Any CPU
		{F98410B9-CCC0-49E3-A42C-720C99D7590C}.Release|Any CPU.ActiveCfg = Release|Any CPU
		{F98410B9-CCC0-49E3-A42C-720C99D7590C}.Release|Any CPU.Build.0 = Release|Any CPU
	EndGlobalSection
	GlobalSection(SolutionProperties) = preSolution
		HideSolutionNode = FALSE
	EndGlobalSection
	GlobalSection(ExtensibilityGlobals) = postSolution
		SolutionGuid = {38F7109C-4CF9-4F03-ADC4-1CE60B4CCB37}
	EndGlobalSection
EndGlobal
