
Microsoft Visual Studio Solution File, Format Version 12.00
# Visual Studio 15
VisualStudioVersion = 15.0.28307.271
MinimumVisualStudioVersion = 10.0.40219.1
Project("{FAE04EC0-301F-11D3-BF4B-00C04F79EFBC}") = "Intro", "Intro.csproj", "{1502B933-1FCA-48EC-B763-129D6F880E2F}"
EndProject
Global
	GlobalSection(SolutionConfigurationPlatforms) = preSolution
		Debug|Any CPU = Debug|Any CPU
		Release|Any CPU = Release|Any CPU
	EndGlobalSection
	GlobalSection(ProjectConfigurationPlatforms) = postSolution
		{1502B933-1FCA-48EC-B763-129D6F880E2F}.Debug|Any CPU.ActiveCfg = Debug|Any CPU
		{1502B933-1FCA-48EC-B763-129D6F880E2F}.Debug|Any CPU.Build.0 = Debug|Any CPU
		{1502B933-1FCA-48EC-B763-129D6F880E2F}.Release|Any CPU.ActiveCfg = Release|Any CPU
		{1502B933-1FCA-48EC-B763-129D6F880E2F}.Release|Any CPU.Build.0 = Release|Any CPU
	EndGlobalSection
	GlobalSection(SolutionProperties) = preSolution
		HideSolutionNode = FALSE
	EndGlobalSection
	GlobalSection(ExtensibilityGlobals) = postSolution
		SolutionGuid = {ABDC062F-5EDC-4F7A-A7FB-2FD49D19690E}
	EndGlobalSection
EndGlobal
