
Microsoft Visual Studio Solution File, Format Version 12.00
# Visual Studio 15
VisualStudioVersion = 15.0.28307.489
MinimumVisualStudioVersion = 10.0.40219.1
Project("{FAE04EC0-301F-11D3-BF4B-00C04F79EFBC}") = "intro1", "intro1.csproj", "{516643BB-45B8-4EB0-9805-2549B21D2794}"
EndProject
Global
	GlobalSection(SolutionConfigurationPlatforms) = preSolution
		Debug|Any CPU = Debug|Any CPU
		Release|Any CPU = Release|Any CPU
	EndGlobalSection
	GlobalSection(ProjectConfigurationPlatforms) = postSolution
		{516643BB-45B8-4EB0-9805-2549B21D2794}.Debug|Any CPU.ActiveCfg = Debug|Any CPU
		{516643BB-45B8-4EB0-9805-2549B21D2794}.Debug|Any CPU.Build.0 = Debug|Any CPU
		{516643BB-45B8-4EB0-9805-2549B21D2794}.Release|Any CPU.ActiveCfg = Release|Any CPU
		{516643BB-45B8-4EB0-9805-2549B21D2794}.Release|Any CPU.Build.0 = Release|Any CPU
	EndGlobalSection
	GlobalSection(SolutionProperties) = preSolution
		HideSolutionNode = FALSE
	EndGlobalSection
	GlobalSection(ExtensibilityGlobals) = postSolution
		SolutionGuid = {F6FA4E34-2753-4AA5-B69E-191D6F1F360A}
	EndGlobalSection
EndGlobal
