
Microsoft Visual Studio Solution File, Format Version 12.00
# Visual Studio 15
VisualStudioVersion = 15.0.28010.2046
MinimumVisualStudioVersion = 10.0.40219.1
Project("{FAE04EC0-301F-11D3-BF4B-00C04F79EFBC}") = "GggLog4netConsoleApp", "GggLog4netConsoleApp.csproj", "{13B3AB18-2EDA-4440-B10B-2DA72F160E0D}"
EndProject
Global
	GlobalSection(SolutionConfigurationPlatforms) = preSolution
		Debug|Any CPU = Debug|Any CPU
		Release|Any CPU = Release|Any CPU
	EndGlobalSection
	GlobalSection(ProjectConfigurationPlatforms) = postSolution
		{13B3AB18-2EDA-4440-B10B-2DA72F160E0D}.Debug|Any CPU.ActiveCfg = Debug|Any CPU
		{13B3AB18-2EDA-4440-B10B-2DA72F160E0D}.Debug|Any CPU.Build.0 = Debug|Any CPU
		{13B3AB18-2EDA-4440-B10B-2DA72F160E0D}.Release|Any CPU.ActiveCfg = Release|Any CPU
		{13B3AB18-2EDA-4440-B10B-2DA72F160E0D}.Release|Any CPU.Build.0 = Release|Any CPU
	EndGlobalSection
	GlobalSection(SolutionProperties) = preSolution
		HideSolutionNode = FALSE
	EndGlobalSection
	GlobalSection(ExtensibilityGlobals) = postSolution
		SolutionGuid = {05045E9F-45D8-4611-AF26-6F56320A556D}
	EndGlobalSection
EndGlobal
